
Microsoft Visual Studio Solution File, Format Version 12.00
# Visual Studio Version 17
VisualStudioVersion = 17.0.32112.339
MinimumVisualStudioVersion = 10.0.40219.1
Project("{2150E333-8FDC-42A3-9474-1A3956D46DE8}") = "HelloWorld", "HelloWorld", "{B4056F28-3D88-42DD-859C-16FAB7E88AB5}"
EndProject
Project("{FAE04EC0-301F-11D3-BF4B-00C04F79EFBC}") = "HelloWorld", "HelloWorld\HelloWorld.csproj", "{43EB8575-BECE-4616-91F1-2E21738ABF5F}"
EndProject
Project("{2150E333-8FDC-42A3-9474-1A3956D46DE8}") = "TakeTwoStones", "TakeTwoStones", "{64350078-6F49-4872-A01E-5DFBFBB0575A}"
EndProject
Project("{FAE04EC0-301F-11D3-BF4B-00C04F79EFBC}") = "TakeTwoStones", "TakeTwoStones\TakeTwoStones.csproj", "{E9C93DAD-4E2D-4665-8D7C-A9FAC9B5D32D}"
EndProject
Project("{2150E333-8FDC-42A3-9474-1A3956D46DE8}") = "R2", "R2", "{6DDB95BC-75AE-4607-8954-C7DA8D2DBAC4}"
EndProject
Project("{FAE04EC0-301F-11D3-BF4B-00C04F79EFBC}") = "R2", "R2\R2\R2.csproj", "{FC50946D-8BDB-4A2D-B424-0A5022144D3C}"
EndProject
Project("{FAE04EC0-301F-11D3-BF4B-00C04F79EFBC}") = "R2_Tests", "R2\R2_Tests\R2_Tests.csproj", "{8EFECE88-7B56-4EA8-9421-11A075FC1767}"
EndProject
Project("{2150E333-8FDC-42A3-9474-1A3956D46DE8}") = "JackOLantern", "JackOLantern", "{C30118CD-DA7F-4BED-BB6A-BAE39D0527DB}"
EndProject
Project("{FAE04EC0-301F-11D3-BF4B-00C04F79EFBC}") = "JackOLantern", "JackOLantern\JackOLantern\JackOLantern.csproj", "{C2F96048-61E9-4200-B6F3-F179F0C2FA2A}"
EndProject
Project("{FAE04EC0-301F-11D3-BF4B-00C04F79EFBC}") = "JackOLantern.Tests", "JackOLantern\JackOLantern.Tests\JackOLantern.Tests.csproj", "{78415D58-BF50-472E-A183-6EA54344E012}"
EndProject
Project("{2150E333-8FDC-42A3-9474-1A3956D46DE8}") = "2048", "2048", "{9FE62EF8-2B93-4153-BEA7-B04E8339E474}"
EndProject
Project("{FAE04EC0-301F-11D3-BF4B-00C04F79EFBC}") = "2048", "2048\2048\2048.csproj", "{723EA9F5-A256-42A6-8208-9AB10DC0B042}"
EndProject
Project("{FAE04EC0-301F-11D3-BF4B-00C04F79EFBC}") = "2048.Tests", "2048\2048.Tests\2048.Tests.csproj", "{16A3C202-9CDA-4C1D-AD7E-F17401A7884A}"
EndProject
Global
	GlobalSection(SolutionConfigurationPlatforms) = preSolution
		Debug|Any CPU = Debug|Any CPU
		Release|Any CPU = Release|Any CPU
	EndGlobalSection
	GlobalSection(ProjectConfigurationPlatforms) = postSolution
		{43EB8575-BECE-4616-91F1-2E21738ABF5F}.Debug|Any CPU.ActiveCfg = Debug|Any CPU
		{43EB8575-BECE-4616-91F1-2E21738ABF5F}.Debug|Any CPU.Build.0 = Debug|Any CPU
		{43EB8575-BECE-4616-91F1-2E21738ABF5F}.Release|Any CPU.ActiveCfg = Release|Any CPU
		{43EB8575-BECE-4616-91F1-2E21738ABF5F}.Release|Any CPU.Build.0 = Release|Any CPU
		{E9C93DAD-4E2D-4665-8D7C-A9FAC9B5D32D}.Debug|Any CPU.ActiveCfg = Debug|Any CPU
		{E9C93DAD-4E2D-4665-8D7C-A9FAC9B5D32D}.Debug|Any CPU.Build.0 = Debug|Any CPU
		{E9C93DAD-4E2D-4665-8D7C-A9FAC9B5D32D}.Release|Any CPU.ActiveCfg = Release|Any CPU
		{E9C93DAD-4E2D-4665-8D7C-A9FAC9B5D32D}.Release|Any CPU.Build.0 = Release|Any CPU
		{FC50946D-8BDB-4A2D-B424-0A5022144D3C}.Debug|Any CPU.ActiveCfg = Debug|Any CPU
		{FC50946D-8BDB-4A2D-B424-0A5022144D3C}.Debug|Any CPU.Build.0 = Debug|Any CPU
		{FC50946D-8BDB-4A2D-B424-0A5022144D3C}.Release|Any CPU.ActiveCfg = Release|Any CPU
		{FC50946D-8BDB-4A2D-B424-0A5022144D3C}.Release|Any CPU.Build.0 = Release|Any CPU
		{8EFECE88-7B56-4EA8-9421-11A075FC1767}.Debug|Any CPU.ActiveCfg = Debug|Any CPU
		{8EFECE88-7B56-4EA8-9421-11A075FC1767}.Debug|Any CPU.Build.0 = Debug|Any CPU
		{8EFECE88-7B56-4EA8-9421-11A075FC1767}.Release|Any CPU.ActiveCfg = Release|Any CPU
		{8EFECE88-7B56-4EA8-9421-11A075FC1767}.Release|Any CPU.Build.0 = Release|Any CPU
		{C2F96048-61E9-4200-B6F3-F179F0C2FA2A}.Debug|Any CPU.ActiveCfg = Debug|Any CPU
		{C2F96048-61E9-4200-B6F3-F179F0C2FA2A}.Debug|Any CPU.Build.0 = Debug|Any CPU
		{C2F96048-61E9-4200-B6F3-F179F0C2FA2A}.Release|Any CPU.ActiveCfg = Release|Any CPU
		{C2F96048-61E9-4200-B6F3-F179F0C2FA2A}.Release|Any CPU.Build.0 = Release|Any CPU
		{78415D58-BF50-472E-A183-6EA54344E012}.Debug|Any CPU.ActiveCfg = Debug|Any CPU
		{78415D58-BF50-472E-A183-6EA54344E012}.Debug|Any CPU.Build.0 = Debug|Any CPU
		{78415D58-BF50-472E-A183-6EA54344E012}.Release|Any CPU.ActiveCfg = Release|Any CPU
		{78415D58-BF50-472E-A183-6EA54344E012}.Release|Any CPU.Build.0 = Release|Any CPU
		{723EA9F5-A256-42A6-8208-9AB10DC0B042}.Debug|Any CPU.ActiveCfg = Debug|Any CPU
		{723EA9F5-A256-42A6-8208-9AB10DC0B042}.Debug|Any CPU.Build.0 = Debug|Any CPU
		{723EA9F5-A256-42A6-8208-9AB10DC0B042}.Release|Any CPU.ActiveCfg = Release|Any CPU
		{723EA9F5-A256-42A6-8208-9AB10DC0B042}.Release|Any CPU.Build.0 = Release|Any CPU
		{16A3C202-9CDA-4C1D-AD7E-F17401A7884A}.Debug|Any CPU.ActiveCfg = Debug|Any CPU
		{16A3C202-9CDA-4C1D-AD7E-F17401A7884A}.Debug|Any CPU.Build.0 = Debug|Any CPU
		{16A3C202-9CDA-4C1D-AD7E-F17401A7884A}.Release|Any CPU.ActiveCfg = Release|Any CPU
		{16A3C202-9CDA-4C1D-AD7E-F17401A7884A}.Release|Any CPU.Build.0 = Release|Any CPU
	EndGlobalSection
	GlobalSection(SolutionProperties) = preSolution
		HideSolutionNode = FALSE
	EndGlobalSection
	GlobalSection(NestedProjects) = preSolution
		{43EB8575-BECE-4616-91F1-2E21738ABF5F} = {B4056F28-3D88-42DD-859C-16FAB7E88AB5}
		{E9C93DAD-4E2D-4665-8D7C-A9FAC9B5D32D} = {64350078-6F49-4872-A01E-5DFBFBB0575A}
		{FC50946D-8BDB-4A2D-B424-0A5022144D3C} = {6DDB95BC-75AE-4607-8954-C7DA8D2DBAC4}
		{8EFECE88-7B56-4EA8-9421-11A075FC1767} = {6DDB95BC-75AE-4607-8954-C7DA8D2DBAC4}
		{C2F96048-61E9-4200-B6F3-F179F0C2FA2A} = {C30118CD-DA7F-4BED-BB6A-BAE39D0527DB}
		{78415D58-BF50-472E-A183-6EA54344E012} = {C30118CD-DA7F-4BED-BB6A-BAE39D0527DB}
		{723EA9F5-A256-42A6-8208-9AB10DC0B042} = {9FE62EF8-2B93-4153-BEA7-B04E8339E474}
		{16A3C202-9CDA-4C1D-AD7E-F17401A7884A} = {9FE62EF8-2B93-4153-BEA7-B04E8339E474}
	EndGlobalSection
	GlobalSection(ExtensibilityGlobals) = postSolution
		SolutionGuid = {0E70CE22-DD57-4B39-BF7D-69BDA9772A52}
	EndGlobalSection
EndGlobal
